// !$*UTF8*$!
{
	archiveVersion = 1;
	classes = {
	};
	objectVersion = 77;
	objects = {

/* Begin PBXBuildFile section */
		4AF05E502D9802D1008567C6 /* GoogleMobileAds in Frameworks */ = {isa = PBXBuildFile; productRef = 4AF05E4F2D9802D1008567C6 /* GoogleMobileAds */; };
/* End PBXBuildFile section */

/* Begin PBXContainerItemProxy section */
		4AF05E2B2D97BBE6008567C6 /* PBXContainerItemProxy */ = {
			isa = PBXContainerItemProxy;
			containerPortal = 4AF05E0C2D97BBE5008567C6 /* Project object */;
			proxyType = 1;
			remoteGlobalIDString = 4AF05E132D97BBE5008567C6;
			remoteInfo = "GoodSleeperCountingSheep-swift";
		};
		4AF05E352D97BBE6008567C6 /* PBXContainerItemProxy */ = {
			isa = PBXContainerItemProxy;
			containerPortal = 4AF05E0C2D97BBE5008567C6 /* Project object */;
			proxyType = 1;
			remoteGlobalIDString = 4AF05E132D97BBE5008567C6;
			remoteInfo = "GoodSleeperCountingSheep-swift";
		};
/* End PBXContainerItemProxy section */

/* Begin PBXFileReference section */
		4AF05E142D97BBE5008567C6 /* GoodSleeperCountingSheep-swift.app */ = {isa = PBXFileReference; explicitFileType = wrapper.application; includeInIndex = 0; path = "GoodSleeperCountingSheep-swift.app"; sourceTree = BUILT_PRODUCTS_DIR; };
		4AF05E2A2D97BBE6008567C6 /* GoodSleeperCountingSheep-swiftTests.xctest */ = {isa = PBXFileReference; explicitFileType = wrapper.cfbundle; includeInIndex = 0; path = "GoodSleeperCountingSheep-swiftTests.xctest"; sourceTree = BUILT_PRODUCTS_DIR; };
		4AF05E342D97BBE6008567C6 /* GoodSleeperCountingSheep-swiftUITests.xctest */ = {isa = PBXFileReference; explicitFileType = wrapper.cfbundle; includeInIndex = 0; path = "GoodSleeperCountingSheep-swiftUITests.xctest"; sourceTree = BUILT_PRODUCTS_DIR; };
/* End PBXFileReference section */

/* Begin PBXFileSystemSynchronizedBuildFileExceptionSet section */
		4AF05E3C2D97BBE6008567C6 /* Exceptions for "GoodSleeperCountingSheep-swift" folder in "GoodSleeperCountingSheep-swift" target */ = {
			isa = PBXFileSystemSynchronizedBuildFileExceptionSet;
			membershipExceptions = (
				Info.plist,
			);
			target = 4AF05E132D97BBE5008567C6 /* GoodSleeperCountingSheep-swift */;
		};
/* End PBXFileSystemSynchronizedBuildFileExceptionSet section */

/* Begin PBXFileSystemSynchronizedRootGroup section */
		4AF05E162D97BBE5008567C6 /* GoodSleeperCountingSheep-swift */ = {
			isa = PBXFileSystemSynchronizedRootGroup;
			exceptions = (
				4AF05E3C2D97BBE6008567C6 /* Exceptions for "GoodSleeperCountingSheep-swift" folder in "GoodSleeperCountingSheep-swift" target */,
			);
			path = "GoodSleeperCountingSheep-swift";
			sourceTree = "<group>";
		};
		4AF05E2D2D97BBE6008567C6 /* GoodSleeperCountingSheep-swiftTests */ = {
			isa = PBXFileSystemSynchronizedRootGroup;
			path = "GoodSleeperCountingSheep-swiftTests";
			sourceTree = "<group>";
		};
		4AF05E372D97BBE6008567C6 /* GoodSleeperCountingSheep-swiftUITests */ = {
			isa = PBXFileSystemSynchronizedRootGroup;
			path = "GoodSleeperCountingSheep-swiftUITests";
			sourceTree = "<group>";
		};
/* End PBXFileSystemSynchronizedRootGroup section */

/* Begin PBXFrameworksBuildPhase section */
		4AF05E112D97BBE5008567C6 /* Frameworks */ = {
			isa = PBXFrameworksBuildPhase;
			buildActionMask = 2147483647;
			files = (
				4AF05E502D9802D1008567C6 /* GoogleMobileAds in Frameworks */,
			);
			runOnlyForDeploymentPostprocessing = 0;
		};
		4AF05E272D97BBE6008567C6 /* Frameworks */ = {
			isa = PBXFrameworksBuildPhase;
			buildActionMask = 2147483647;
			files = (
			);
			runOnlyForDeploymentPostprocessing = 0;
		};
		4AF05E312D97BBE6008567C6 /* Frameworks */ = {
			isa = PBXFrameworksBuildPhase;
			buildActionMask = 2147483647;
			files = (
			);
			runOnlyForDeploymentPostprocessing = 0;
		};
/* End PBXFrameworksBuildPhase section */

/* Begin PBXGroup section */
		4AF05E0B2D97BBE5008567C6 = {
			isa = PBXGroup;
			children = (
				4AF05E162D97BBE5008567C6 /* GoodSleeperCountingSheep-swift */,
				4AF05E2D2D97BBE6008567C6 /* GoodSleeperCountingSheep-swiftTests */,
				4AF05E372D97BBE6008567C6 /* GoodSleeperCountingSheep-swiftUITests */,
				4AF05E152D97BBE5008567C6 /* Products */,
			);
			sourceTree = "<group>";
		};
		4AF05E152D97BBE5008567C6 /* Products */ = {
			isa = PBXGroup;
			children = (
				4AF05E142D97BBE5008567C6 /* GoodSleeperCountingSheep-swift.app */,
				4AF05E2A2D97BBE6008567C6 /* GoodSleeperCountingSheep-swiftTests.xctest */,
				4AF05E342D97BBE6008567C6 /* GoodSleeperCountingSheep-swiftUITests.xctest */,
			);
			name = Products;
			sourceTree = "<group>";
		};
/* End PBXGroup section */

/* Begin PBXNativeTarget section */
		4AF05E132D97BBE5008567C6 /* GoodSleeperCountingSheep-swift */ = {
			isa = PBXNativeTarget;
			buildConfigurationList = 4AF05E3D2D97BBE6008567C6 /* Build configuration list for PBXNativeTarget "GoodSleeperCountingSheep-swift" */;
			buildPhases = (
				4AF05E102D97BBE5008567C6 /* Sources */,
				4AF05E112D97BBE5008567C6 /* Frameworks */,
				4AF05E122D97BBE5008567C6 /* Resources */,
			);
			buildRules = (
			);
			dependencies = (
			);
			fileSystemSynchronizedGroups = (
				4AF05E162D97BBE5008567C6 /* GoodSleeperCountingSheep-swift */,
			);
			name = "GoodSleeperCountingSheep-swift";
			packageProductDependencies = (
				4AF05E4F2D9802D1008567C6 /* GoogleMobileAds */,
			);
			productName = "GoodSleeperCountingSheep-swift";
			productReference = 4AF05E142D97BBE5008567C6 /* GoodSleeperCountingSheep-swift.app */;
			productType = "com.apple.product-type.application";
		};
		4AF05E292D97BBE6008567C6 /* GoodSleeperCountingSheep-swiftTests */ = {
			isa = PBXNativeTarget;
			buildConfigurationList = 4AF05E422D97BBE6008567C6 /* Build configuration list for PBXNativeTarget "GoodSleeperCountingSheep-swiftTests" */;
			buildPhases = (
				4AF05E262D97BBE6008567C6 /* Sources */,
				4AF05E272D97BBE6008567C6 /* Frameworks */,
				4AF05E282D97BBE6008567C6 /* Resources */,
			);
			buildRules = (
			);
			dependencies = (
				4AF05E2C2D97BBE6008567C6 /* PBXTargetDependency */,
			);
			fileSystemSynchronizedGroups = (
				4AF05E2D2D97BBE6008567C6 /* GoodSleeperCountingSheep-swiftTests */,
			);
			name = "GoodSleeperCountingSheep-swiftTests";
			packageProductDependencies = (
			);
			productName = "GoodSleeperCountingSheep-swiftTests";
			productReference = 4AF05E2A2D97BBE6008567C6 /* GoodSleeperCountingSheep-swiftTests.xctest */;
			productType = "com.apple.product-type.bundle.unit-test";
		};
		4AF05E332D97BBE6008567C6 /* GoodSleeperCountingSheep-swiftUITests */ = {
			isa = PBXNativeTarget;
			buildConfigurationList = 4AF05E452D97BBE6008567C6 /* Build configuration list for PBXNativeTarget "GoodSleeperCountingSheep-swiftUITests" */;
			buildPhases = (
				4AF05E302D97BBE6008567C6 /* Sources */,
				4AF05E312D97BBE6008567C6 /* Frameworks */,
				4AF05E322D97BBE6008567C6 /* Resources */,
			);
			buildRules = (
			);
			dependencies = (
				4AF05E362D97BBE6008567C6 /* PBXTargetDependency */,
			);
			fileSystemSynchronizedGroups = (
				4AF05E372D97BBE6008567C6 /* GoodSleeperCountingSheep-swiftUITests */,
			);
			name = "GoodSleeperCountingSheep-swiftUITests";
			packageProductDependencies = (
			);
			productName = "GoodSleeperCountingSheep-swiftUITests";
			productReference = 4AF05E342D97BBE6008567C6 /* GoodSleeperCountingSheep-swiftUITests.xctest */;
			productType = "com.apple.product-type.bundle.ui-testing";
		};
/* End PBXNativeTarget section */

/* Begin PBXProject section */
		4AF05E0C2D97BBE5008567C6 /* Project object */ = {
			isa = PBXProject;
			attributes = {
				BuildIndependentTargetsInParallel = 1;
				LastSwiftUpdateCheck = 1620;
				LastUpgradeCheck = 1620;
				TargetAttributes = {
					4AF05E132D97BBE5008567C6 = {
						CreatedOnToolsVersion = 16.2;
					};
					4AF05E292D97BBE6008567C6 = {
						CreatedOnToolsVersion = 16.2;
						TestTargetID = 4AF05E132D97BBE5008567C6;
					};
					4AF05E332D97BBE6008567C6 = {
						CreatedOnToolsVersion = 16.2;
						TestTargetID = 4AF05E132D97BBE5008567C6;
					};
				};
			};
			buildConfigurationList = 4AF05E0F2D97BBE5008567C6 /* Build configuration list for PBXProject "GoodSleeperCountingSheep-swift" */;
			developmentRegion = en;
			hasScannedForEncodings = 0;
			knownRegions = (
				en,
				Base,
			);
			mainGroup = 4AF05E0B2D97BBE5008567C6;
			minimizedProjectReferenceProxies = 1;
			packageReferences = (
				4AF05E4E2D9802D1008567C6 /* XCRemoteSwiftPackageReference "swift-package-manager-google-mobile-ads" */,
			);
			preferredProjectObjectVersion = 77;
			productRefGroup = 4AF05E152D97BBE5008567C6 /* Products */;
			projectDirPath = "";
			projectRoot = "";
			targets = (
				4AF05E132D97BBE5008567C6 /* GoodSleeperCountingSheep-swift */,
				4AF05E292D97BBE6008567C6 /* GoodSleeperCountingSheep-swiftTests */,
				4AF05E332D97BBE6008567C6 /* GoodSleeperCountingSheep-swiftUITests */,
			);
		};
/* End PBXProject section */

/* Begin PBXResourcesBuildPhase section */
		4AF05E122D97BBE5008567C6 /* Resources */ = {
			isa = PBXResourcesBuildPhase;
			buildActionMask = 2147483647;
			files = (
			);
			runOnlyForDeploymentPostprocessing = 0;
		};
		4AF05E282D97BBE6008567C6 /* Resources */ = {
			isa = PBXResourcesBuildPhase;
			buildActionMask = 2147483647;
			files = (
			);
			runOnlyForDeploymentPostprocessing = 0;
		};
		4AF05E322D97BBE6008567C6 /* Resources */ = {
			isa = PBXResourcesBuildPhase;
			buildActionMask = 2147483647;
			files = (
			);
			runOnlyForDeploymentPostprocessing = 0;
		};
/* End PBXResourcesBuildPhase section */

/* Begin PBXSourcesBuildPhase section */
		4AF05E102D97BBE5008567C6 /* Sources */ = {
			isa = PBXSourcesBuildPhase;
			buildActionMask = 2147483647;
			files = (
			);
			runOnlyForDeploymentPostprocessing = 0;
		};
		4AF05E262D97BBE6008567C6 /* Sources */ = {
			isa = PBXSourcesBuildPhase;
			buildActionMask = 2147483647;
			files = (
			);
			runOnlyForDeploymentPostprocessing = 0;
		};
		4AF05E302D97BBE6008567C6 /* Sources */ = {
			isa = PBXSourcesBuildPhase;
			buildActionMask = 2147483647;
			files = (
			);
			runOnlyForDeploymentPostprocessing = 0;
		};
/* End PBXSourcesBuildPhase section */

/* Begin PBXTargetDependency section */
		4AF05E2C2D97BBE6008567C6 /* PBXTargetDependency */ = {
			isa = PBXTargetDependency;
			target = 4AF05E132D97BBE5008567C6 /* GoodSleeperCountingSheep-swift */;
			targetProxy = 4AF05E2B2D97BBE6008567C6 /* PBXContainerItemProxy */;
		};
		4AF05E362D97BBE6008567C6 /* PBXTargetDependency */ = {
			isa = PBXTargetDependency;
			target = 4AF05E132D97BBE5008567C6 /* GoodSleeperCountingSheep-swift */;
			targetProxy = 4AF05E352D97BBE6008567C6 /* PBXContainerItemProxy */;
		};
/* End PBXTargetDependency section */

/* Begin XCBuildConfiguration section */
		4AF05E3E2D97BBE6008567C6 /* Debug */ = {
			isa = XCBuildConfiguration;
			buildSettings = {
				ASSETCATALOG_COMPILER_APPICON_NAME = AppIcon;
				ASSETCATALOG_COMPILER_GLOBAL_ACCENT_COLOR_NAME = AccentColor;
				CODE_SIGN_STYLE = Automatic;
				CURRENT_PROJECT_VERSION = 1;
				GENERATE_INFOPLIST_FILE = YES;
				INFOPLIST_FILE = "GoodSleeperCountingSheep-swift/Info.plist";
				INFOPLIST_KEY_UIApplicationSupportsIndirectInputEvents = YES;
				INFOPLIST_KEY_UILaunchStoryboardName = LaunchScreen;
				INFOPLIST_KEY_UIMainStoryboardFile = Main;
				INFOPLIST_KEY_UISupportedInterfaceOrientations = "UIInterfaceOrientationLandscapeLeft UIInterfaceOrientationLandscapeRight";
				LD_RUNPATH_SEARCH_PATHS = (
					"$(inherited)",
					"@executable_path/Frameworks",
				);
				MARKETING_VERSION = 1.0;
				PRODUCT_BUNDLE_IDENTIFIER = "com.irons.GoodSleeperCountingSheep-swift";
				PRODUCT_NAME = "$(TARGET_NAME)";
				SWIFT_EMIT_LOC_STRINGS = YES;
				SWIFT_VERSION = 5.0;
				TARGETED_DEVICE_FAMILY = "1,2";
			};
			name = Debug;
		};
		4AF05E3F2D97BBE6008567C6 /* Release */ = {
			isa = XCBuildConfiguration;
			buildSettings = {
				ASSETCATALOG_COMPILER_APPICON_NAME = AppIcon;
				ASSETCATALOG_COMPILER_GLOBAL_ACCENT_COLOR_NAME = AccentColor;
				CODE_SIGN_STYLE = Automatic;
				CURRENT_PROJECT_VERSION = 1;
				GENERATE_INFOPLIST_FILE = YES;
				INFOPLIST_FILE = "GoodSleeperCountingSheep-swift/Info.plist";
				INFOPLIST_KEY_UIApplicationSupportsIndirectInputEvents = YES;
				INFOPLIST_KEY_UILaunchStoryboardName = LaunchScreen;
				INFOPLIST_KEY_UIMainStoryboardFile = Main;
				INFOPLIST_KEY_UISupportedInterfaceOrientations = "UIInterfaceOrientationLandscapeLeft UIInterfaceOrientationLandscapeRight";
				LD_RUNPATH_SEARCH_PATHS = (
					"$(inherited)",
					"@executable_path/Frameworks",
				);
				MARKETING_VERSION = 1.0;
				PRODUCT_BUNDLE_IDENTIFIER = "com.irons.GoodSleeperCountingSheep-swift";
				PRODUCT_NAME = "$(TARGET_NAME)";
				SWIFT_EMIT_LOC_STRINGS = YES;
				SWIFT_VERSION = 5.0;
				TARGETED_DEVICE_FAMILY = "1,2";
			};
			name = Release;
		};
		4AF05E402D97BBE6008567C6 /* Debug */ = {
			isa = XCBuildConfiguration;
			buildSettings = {
				ALWAYS_SEARCH_USER_PATHS = NO;
				ASSETCATALOG_COMPILER_GENERATE_SWIFT_ASSET_SYMBOL_EXTENSIONS = YES;
				CLANG_ANALYZER_NONNULL = YES;
				CLANG_ANALYZER_NUMBER_OBJECT_CONVERSION = YES_AGGRESSIVE;
				CLANG_CXX_LANGUAGE_STANDARD = "gnu++20";
				CLANG_ENABLE_MODULES = YES;
				CLANG_ENABLE_OBJC_ARC = YES;
				CLANG_ENABLE_OBJC_WEAK = YES;
				CLANG_WARN_BLOCK_CAPTURE_AUTORELEASING = YES;
				CLANG_WARN_BOOL_CONVERSION = YES;
				CLANG_WARN_COMMA = YES;
				CLANG_WARN_CONSTANT_CONVERSION = YES;
				CLANG_WARN_DEPRECATED_OBJC_IMPLEMENTATIONS = YES;
				CLANG_WARN_DIRECT_OBJC_ISA_USAGE = YES_ERROR;
				CLANG_WARN_DOCUMENTATION_COMMENTS = YES;
				CLANG_WARN_EMPTY_BODY = YES;
				CLANG_WARN_ENUM_CONVERSION = YES;
				CLANG_WARN_INFINITE_RECURSION = YES;
				CLANG_WARN_INT_CONVERSION = YES;
				CLANG_WARN_NON_LITERAL_NULL_CONVERSION = YES;
				CLANG_WARN_OBJC_IMPLICIT_RETAIN_SELF = YES;
				CLANG_WARN_OBJC_LITERAL_CONVERSION = YES;
				CLANG_WARN_OBJC_ROOT_CLASS = YES_ERROR;
				CLANG_WARN_QUOTED_INCLUDE_IN_FRAMEWORK_HEADER = YES;
				CLANG_WARN_RANGE_LOOP_ANALYSIS = YES;
				CLANG_WARN_STRICT_PROTOTYPES = YES;
				CLANG_WARN_SUSPICIOUS_MOVE = YES;
				CLANG_WARN_UNGUARDED_AVAILABILITY = YES_AGGRESSIVE;
				CLANG_WARN_UNREACHABLE_CODE = YES;
				CLANG_WARN__DUPLICATE_METHOD_MATCH = YES;
				COPY_PHASE_STRIP = NO;
				DEBUG_INFORMATION_FORMAT = dwarf;
				ENABLE_STRICT_OBJC_MSGSEND = YES;
				ENABLE_TESTABILITY = YES;
				ENABLE_USER_SCRIPT_SANDBOXING = YES;
				GCC_C_LANGUAGE_STANDARD = gnu17;
				GCC_DYNAMIC_NO_PIC = NO;
				GCC_NO_COMMON_BLOCKS = YES;
				GCC_OPTIMIZATION_LEVEL = 0;
				GCC_PREPROCESSOR_DEFINITIONS = (
					"DEBUG=1",
					"$(inherited)",
				);
				GCC_WARN_64_TO_32_BIT_CONVERSION = YES;
				GCC_WARN_ABOUT_RETURN_TYPE = YES_ERROR;
				GCC_WARN_UNDECLARED_SELECTOR = YES;
				GCC_WARN_UNINITIALIZED_AUTOS = YES_AGGRESSIVE;
				GCC_WARN_UNUSED_FUNCTION = YES;
				GCC_WARN_UNUSED_VARIABLE = YES;
				IPHONEOS_DEPLOYMENT_TARGET = 18.2;
				LOCALIZATION_PREFERS_STRING_CATALOGS = YES;
				MTL_ENABLE_DEBUG_INFO = INCLUDE_SOURCE;
				MTL_FAST_MATH = YES;
				ONLY_ACTIVE_ARCH = YES;
				SDKROOT = iphoneos;
				SWIFT_ACTIVE_COMPILATION_CONDITIONS = "DEBUG $(inherited)";
				SWIFT_OPTIMIZATION_LEVEL = "-Onone";
			};
			name = Debug;
		};
		4AF05E412D97BBE6008567C6 /* Release */ = {
			isa = XCBuildConfiguration;
			buildSettings = {
				ALWAYS_SEARCH_USER_PATHS = NO;
				ASSETCATALOG_COMPILER_GENERATE_SWIFT_ASSET_SYMBOL_EXTENSIONS = YES;
				CLANG_ANALYZER_NONNULL = YES;
				CLANG_ANALYZER_NUMBER_OBJECT_CONVERSION = YES_AGGRESSIVE;
				CLANG_CXX_LANGUAGE_STANDARD = "gnu++20";
				CLANG_ENABLE_MODULES = YES;
				CLANG_ENABLE_OBJC_ARC = YES;
				CLANG_ENABLE_OBJC_WEAK = YES;
				CLANG_WARN_BLOCK_CAPTURE_AUTORELEASING = YES;
				CLANG_WARN_BOOL_CONVERSION = YES;
				CLANG_WARN_COMMA = YES;
				CLANG_WARN_CONSTANT_CONVERSION = YES;
				CLANG_WARN_DEPRECATED_OBJC_IMPLEMENTATIONS = YES;
				CLANG_WARN_DIRECT_OBJC_ISA_USAGE = YES_ERROR;
				CLANG_WARN_DOCUMENTATION_COMMENTS = YES;
				CLANG_WARN_EMPTY_BODY = YES;
				CLANG_WARN_ENUM_CONVERSION = YES;
				CLANG_WARN_INFINITE_RECURSION = YES;
				CLANG_WARN_INT_CONVERSION = YES;
				CLANG_WARN_NON_LITERAL_NULL_CONVERSION = YES;
				CLANG_WARN_OBJC_IMPLICIT_RETAIN_SELF = YES;
				CLANG_WARN_OBJC_LITERAL_CONVERSION = YES;
				CLANG_WARN_OBJC_ROOT_CLASS = YES_ERROR;
				CLANG_WARN_QUOTED_INCLUDE_IN_FRAMEWORK_HEADER = YES;
				CLANG_WARN_RANGE_LOOP_ANALYSIS = YES;
				CLANG_WARN_STRICT_PROTOTYPES = YES;
				CLANG_WARN_SUSPICIOUS_MOVE = YES;
				CLANG_WARN_UNGUARDED_AVAILABILITY = YES_AGGRESSIVE;
				CLANG_WARN_UNREACHABLE_CODE = YES;
				CLANG_WARN__DUPLICATE_METHOD_MATCH = YES;
				COPY_PHASE_STRIP = NO;
				DEBUG_INFORMATION_FORMAT = "dwarf-with-dsym";
				ENABLE_NS_ASSERTIONS = NO;
				ENABLE_STRICT_OBJC_MSGSEND = YES;
				ENABLE_USER_SCRIPT_SANDBOXING = YES;
				GCC_C_LANGUAGE_STANDARD = gnu17;
				GCC_NO_COMMON_BLOCKS = YES;
				GCC_WARN_64_TO_32_BIT_CONVERSION = YES;
				GCC_WARN_ABOUT_RETURN_TYPE = YES_ERROR;
				GCC_WARN_UNDECLARED_SELECTOR = YES;
				GCC_WARN_UNINITIALIZED_AUTOS = YES_AGGRESSIVE;
				GCC_WARN_UNUSED_FUNCTION = YES;
				GCC_WARN_UNUSED_VARIABLE = YES;
				IPHONEOS_DEPLOYMENT_TARGET = 18.2;
				LOCALIZATION_PREFERS_STRING_CATALOGS = YES;
				MTL_ENABLE_DEBUG_INFO = NO;
				MTL_FAST_MATH = YES;
				SDKROOT = iphoneos;
				SWIFT_COMPILATION_MODE = wholemodule;
				VALIDATE_PRODUCT = YES;
			};
			name = Release;
		};
		4AF05E432D97BBE6008567C6 /* Debug */ = {
			isa = XCBuildConfiguration;
			buildSettings = {
				BUNDLE_LOADER = "$(TEST_HOST)";
				CODE_SIGN_STYLE = Automatic;
				CURRENT_PROJECT_VERSION = 1;
				GENERATE_INFOPLIST_FILE = YES;
				IPHONEOS_DEPLOYMENT_TARGET = 18.2;
				MARKETING_VERSION = 1.0;
				PRODUCT_BUNDLE_IDENTIFIER = "com.irons.GoodSleeperCountingSheep-swiftTests";
				PRODUCT_NAME = "$(TARGET_NAME)";
				SWIFT_EMIT_LOC_STRINGS = NO;
				SWIFT_VERSION = 5.0;
				TARGETED_DEVICE_FAMILY = "1,2";
				TEST_HOST = "$(BUILT_PRODUCTS_DIR)/GoodSleeperCountingSheep-swift.app/$(BUNDLE_EXECUTABLE_FOLDER_PATH)/GoodSleeperCountingSheep-swift";
			};
			name = Debug;
		};
		4AF05E442D97BBE6008567C6 /* Release */ = {
			isa = XCBuildConfiguration;
			buildSettings = {
				BUNDLE_LOADER = "$(TEST_HOST)";
				CODE_SIGN_STYLE = Automatic;
				CURRENT_PROJECT_VERSION = 1;
				GENERATE_INFOPLIST_FILE = YES;
				IPHONEOS_DEPLOYMENT_TARGET = 18.2;
				MARKETING_VERSION = 1.0;
				PRODUCT_BUNDLE_IDENTIFIER = "com.irons.GoodSleeperCountingSheep-swiftTests";
				PRODUCT_NAME = "$(TARGET_NAME)";
				SWIFT_EMIT_LOC_STRINGS = NO;
				SWIFT_VERSION = 5.0;
				TARGETED_DEVICE_FAMILY = "1,2";
				TEST_HOST = "$(BUILT_PRODUCTS_DIR)/GoodSleeperCountingSheep-swift.app/$(BUNDLE_EXECUTABLE_FOLDER_PATH)/GoodSleeperCountingSheep-swift";
			};
			name = Release;
		};
		4AF05E462D97BBE6008567C6 /* Debug */ = {
			isa = XCBuildConfiguration;
			buildSettings = {
				CODE_SIGN_STYLE = Automatic;
				CURRENT_PROJECT_VERSION = 1;
				GENERATE_INFOPLIST_FILE = YES;
				MARKETING_VERSION = 1.0;
				PRODUCT_BUNDLE_IDENTIFIER = "com.irons.GoodSleeperCountingSheep-swiftUITests";
				PRODUCT_NAME = "$(TARGET_NAME)";
				SWIFT_EMIT_LOC_STRINGS = NO;
				SWIFT_VERSION = 5.0;
				TARGETED_DEVICE_FAMILY = "1,2";
				TEST_TARGET_NAME = "GoodSleeperCountingSheep-swift";
			};
			name = Debug;
		};
		4AF05E472D97BBE6008567C6 /* Release */ = {
			isa = XCBuildConfiguration;
			buildSettings = {
				CODE_SIGN_STYLE = Automatic;
				CURRENT_PROJECT_VERSION = 1;
				GENERATE_INFOPLIST_FILE = YES;
				MARKETING_VERSION = 1.0;
				PRODUCT_BUNDLE_IDENTIFIER = "com.irons.GoodSleeperCountingSheep-swiftUITests";
				PRODUCT_NAME = "$(TARGET_NAME)";
				SWIFT_EMIT_LOC_STRINGS = NO;
				SWIFT_VERSION = 5.0;
				TARGETED_DEVICE_FAMILY = "1,2";
				TEST_TARGET_NAME = "GoodSleeperCountingSheep-swift";
			};
			name = Release;
		};
/* End XCBuildConfiguration section */

/* Begin XCConfigurationList section */
		4AF05E0F2D97BBE5008567C6 /* Build configuration list for PBXProject "GoodSleeperCountingSheep-swift" */ = {
			isa = XCConfigurationList;
			buildConfigurations = (
				4AF05E402D97BBE6008567C6 /* Debug */,
				4AF05E412D97BBE6008567C6 /* Release */,
			);
			defaultConfigurationIsVisible = 0;
			defaultConfigurationName = Release;
		};
		4AF05E3D2D97BBE6008567C6 /* Build configuration list for PBXNativeTarget "GoodSleeperCountingSheep-swift" */ = {
			isa = XCConfigurationList;
			buildConfigurations = (
				4AF05E3E2D97BBE6008567C6 /* Debug */,
				4AF05E3F2D97BBE6008567C6 /* Release */,
			);
			defaultConfigurationIsVisible = 0;
			defaultConfigurationName = Release;
		};
		4AF05E422D97BBE6008567C6 /* Build configuration list for PBXNativeTarget "GoodSleeperCountingSheep-swiftTests" */ = {
			isa = XCConfigurationList;
			buildConfigurations = (
				4AF05E432D97BBE6008567C6 /* Debug */,
				4AF05E442D97BBE6008567C6 /* Release */,
			);
			defaultConfigurationIsVisible = 0;
			defaultConfigurationName = Release;
		};
		4AF05E452D97BBE6008567C6 /* Build configuration list for PBXNativeTarget "GoodSleeperCountingSheep-swiftUITests" */ = {
			isa = XCConfigurationList;
			buildConfigurations = (
				4AF05E462D97BBE6008567C6 /* Debug */,
				4AF05E472D97BBE6008567C6 /* Release */,
			);
			defaultConfigurationIsVisible = 0;
			defaultConfigurationName = Release;
		};
/* End XCConfigurationList section */

/* Begin XCRemoteSwiftPackageReference section */
		4AF05E4E2D9802D1008567C6 /* XCRemoteSwiftPackageReference "swift-package-manager-google-mobile-ads" */ = {
			isa = XCRemoteSwiftPackageReference;
			repositoryURL = "https://github.com/googleads/swift-package-manager-google-mobile-ads?tab=readme-ov-file";
			requirement = {
				kind = upToNextMajorVersion;
				minimumVersion = 12.2.0;
			};
		};
/* End XCRemoteSwiftPackageReference section */

/* Begin XCSwiftPackageProductDependency section */
		4AF05E4F2D9802D1008567C6 /* GoogleMobileAds */ = {
			isa = XCSwiftPackageProductDependency;
			package = 4AF05E4E2D9802D1008567C6 /* XCRemoteSwiftPackageReference "swift-package-manager-google-mobile-ads" */;
			productName = GoogleMobileAds;
		};
/* End XCSwiftPackageProductDependency section */
	};
	rootObject = 4AF05E0C2D97BBE5008567C6 /* Project object */;
}
